
Microsoft Visual Studio Solution File, Format Version 12.00
# Visual Studio Version 17
VisualStudioVersion = 17.8.34330.188
MinimumVisualStudioVersion = 10.0.40219.1
Project("{FAE04EC0-301F-11D3-BF4B-00C04F79EFBC}") = "WindowsApplications", "WindowsApplications.csproj", "{D0DD682F-2F99-410A-811E-6CDCF27D5963}"
EndProject
Global
	GlobalSection(SolutionConfigurationPlatforms) = preSolution
		Debug|Any CPU = Debug|Any CPU
		Release|Any CPU = Release|Any CPU
	EndGlobalSection
	GlobalSection(ProjectConfigurationPlatforms) = postSolution
		{D0DD682F-2F99-410A-811E-6CDCF27D5963}.Debug|Any CPU.ActiveCfg = Debug|Any CPU
		{D0DD682F-2F99-410A-811E-6CDCF27D5963}.Debug|Any CPU.Build.0 = Debug|Any CPU
		{D0DD682F-2F99-410A-811E-6CDCF27D5963}.Release|Any CPU.ActiveCfg = Release|Any CPU
		{D0DD682F-2F99-410A-811E-6CDCF27D5963}.Release|Any CPU.Build.0 = Release|Any CPU
	EndGlobalSection
	GlobalSection(SolutionProperties) = preSolution
		HideSolutionNode = FALSE
	EndGlobalSection
	GlobalSection(ExtensibilityGlobals) = postSolution
		SolutionGuid = {488913C6-E42C-4416-8031-095993EBE72C}
	EndGlobalSection
EndGlobal
